<?xml version="1.0" encoding="utf-8"?>
<Project ToolsVersion="4.0" xmlns="http://schemas.microsoft.com/developer/msbuild/2003">
  <ItemGroup>
    <Filter Include="Source Files">
      <UniqueIdentifier>{4FC737F1-C7A5-4376-A066-2A32D752A2FF}</UniqueIdentifier>
      <Extensions>cpp;c;cc;cxx;def;odl;idl;hpj;bat;asm;asmx</Extensions>
    </Filter>
    <Filter Include="Header Files">
      <UniqueIdentifier>{93995380-89BD-4b04-88EB-625FBE52EBFB}</UniqueIdentifier>
      <Extensions>h;hh;hpp;hxx;hm;inl;inc;xsd</Extensions>
    </Filter>
    <Filter Include="Resource Files">
      <UniqueIdentifier>{67DA6AB6-F800-4c08-8B7A-83BB121AAD01}</UniqueIdentifier>
      <Extensions>rc;ico;cur;bmp;dlg;rc2;rct;bin;rgs;gif;jpg;jpeg;jpe;resx;tiff;tif;png;wav;mfcribbon-ms</Extensions>
    </Filter>
  </ItemGroup>
  <ItemGroup>
    <ClInclude Include="src\px\rglfw\glfw_callback.hpp">
      <Filter>Header Files</Filter>
    </ClInclude>
    <ClInclude Include="src\px\rglfw\glfw_instance.hpp">
      <Filter>Header Files</Filter>
    </ClInclude>
    <ClInclude Include="src\px\rglfw\glfw_time.hpp">
      <Filter>Header Files</Filter>
    </ClInclude>
    <ClInclude Include="src\px\rglfw\glfw_window.hpp">
      <Filter>Header Files</Filter>
    </ClInclude>
    <ClInclude Include="src\px\rglfw\rglfw.hpp">
      <Filter>Header Files</Filter>
    </ClInclude>
    <ClInclude Include="src\px\dev\logger.hpp">
      <Filter>Header Files</Filter>
    </ClInclude>
    <ClInclude Include="src\px\memory\delete_release_block.hpp">
      <Filter>Header Files</Filter>
    </ClInclude>
    <ClInclude Include="src\px\memory\memory.hpp">
      <Filter>Header Files</Filter>
    </ClInclude>
    <ClInclude Include="src\px\memory\uq_ptr.hpp">
      <Filter>Header Files</Filter>
    </ClInclude>
    <ClInclude Include="src\px\dev\poly_logger.hpp">
      <Filter>Header Files</Filter>
    </ClInclude>
    <ClInclude Include="src\px\memory\abstract_release_block.hpp">
      <Filter>Header Files</Filter>
    </ClInclude>
    <ClInclude Include="src\px\es\component.hpp">
      <Filter>Header Files</Filter>
    </ClInclude>
    <ClInclude Include="src\px\es\persistency.hpp">
      <Filter>Header Files</Filter>
    </ClInclude>
    <ClInclude Include="src\px\es\composition.hpp">
      <Filter>Header Files</Filter>
    </ClInclude>
    <ClInclude Include="src\rupture\shell.hpp">
      <Filter>Header Files</Filter>
    </ClInclude>
    <ClInclude Include="src\px\common\bindings.hpp">
      <Filter>Header Files</Filter>
    </ClInclude>
    <ClInclude Include="src\rupture\key.hpp">
      <Filter>Header Files</Filter>
    </ClInclude>
    <ClInclude Include="src\px\es\system.hpp">
      <Filter>Header Files</Filter>
    </ClInclude>
    <ClInclude Include="src\px\es\engine.hpp">
      <Filter>Header Files</Filter>
    </ClInclude>
    <ClInclude Include="src\px\es\delta.hpp">
      <Filter>Header Files</Filter>
    </ClInclude>
    <ClInclude Include="src\px\common\timer.hpp">
      <Filter>Header Files</Filter>
    </ClInclude>
    <ClInclude Include="src\rupture\es\sprite_system.hpp">
      <Filter>Header Files</Filter>
    </ClInclude>
    <ClInclude Include="src\px\dev\test.hpp">
      <Filter>Header Files</Filter>
    </ClInclude>
    <ClInclude Include="src\px\common\pool.hpp">
      <Filter>Header Files</Filter>
    </ClInclude>
    <ClInclude Include="src\px\memory\op_release_block.hpp">
      <Filter>Header Files</Filter>
    </ClInclude>
    <ClInclude Include="src\px\common\pool_chain.hpp">
      <Filter>Header Files</Filter>
    </ClInclude>
    <ClInclude Include="src\px\common\coordinate.hpp">
      <Filter>Header Files</Filter>
    </ClInclude>
    <ClInclude Include="src\px\common\point.hpp">
      <Filter>Header Files</Filter>
    </ClInclude>
    <ClInclude Include="src\px\common\vector.hpp">
      <Filter>Header Files</Filter>
    </ClInclude>
    <ClInclude Include="src\px\common\qtree.hpp">
      <Filter>Header Files</Filter>
    </ClInclude>
    <ClInclude Include="src\px\es\transform.hpp">
      <Filter>Header Files</Filter>
    </ClInclude>
    <ClInclude Include="src\px\es\link.hpp">
      <Filter>Header Files</Filter>
    </ClInclude>
    <ClInclude Include="src\px\es\link_dispatcher.hpp">
      <Filter>Header Files</Filter>
    </ClInclude>
    <ClInclude Include="src\rupture\es\transform_component.hpp">
      <Filter>Header Files</Filter>
    </ClInclude>
    <ClInclude Include="src\rupture\es\transform_system.hpp">
      <Filter>Header Files</Filter>
    </ClInclude>
    <ClInclude Include="src\px\common\coordinate_operation.hpp">
      <Filter>Header Files</Filter>
    </ClInclude>
    <ClInclude Include="src\rupture\es\sprite_component.hpp">
      <Filter>Header Files</Filter>
    </ClInclude>
    <ClInclude Include="src\rupture\environment.hpp">
      <Filter>Header Files</Filter>
    </ClInclude>
    <ClInclude Include="src\rupture\draw\renderer.hpp">
      <Filter>Header Files</Filter>
    </ClInclude>
    <ClInclude Include="src\px\rgl\gl_assert.hpp">
      <Filter>Header Files</Filter>
    </ClInclude>
    <ClInclude Include="src\px\rgl\gl_buffer.hpp">
      <Filter>Header Files</Filter>
    </ClInclude>
    <ClInclude Include="src\px\rgl\gl_framebuffer.hpp">
      <Filter>Header Files</Filter>
    </ClInclude>
    <ClInclude Include="src\px\rgl\gl_program.hpp">
      <Filter>Header Files</Filter>
    </ClInclude>
    <ClInclude Include="src\px\rgl\gl_shader.hpp">
      <Filter>Header Files</Filter>
    </ClInclude>
    <ClInclude Include="src\px\rgl\gl_texture.hpp">
      <Filter>Header Files</Filter>
    </ClInclude>
    <ClInclude Include="src\px\rgl\gl_uniform.hpp">
      <Filter>Header Files</Filter>
    </ClInclude>
    <ClInclude Include="src\px\rgl\gl_vao.hpp">
      <Filter>Header Files</Filter>
    </ClInclude>
    <ClInclude Include="src\px\rgl\rgl.hpp">
      <Filter>Header Files</Filter>
    </ClInclude>
    <ClInclude Include="src\px\rgl\compilation.hpp">
      <Filter>Header Files</Filter>
    </ClInclude>
    <ClInclude Include="src\px\rft\ft_face.hpp">
      <Filter>Header Files</Filter>
    </ClInclude>
    <ClInclude Include="src\px\rft\ft_font.hpp">
      <Filter>Header Files</Filter>
    </ClInclude>
    <ClInclude Include="src\px\rft\ft_library.hpp">
      <Filter>Header Files</Filter>
    </ClInclude>
    <ClInclude Include="src\rupture\draw\image.hpp">
      <Filter>Header Files</Filter>
    </ClInclude>
    <ClInclude Include="src\rupture\app\configuration.hpp">
      <Filter>Header Files</Filter>
    </ClInclude>
    <ClInclude Include="src\rupture\app\document.hpp">
      <Filter>Header Files</Filter>
    </ClInclude>
    <ClInclude Include="src\rupture\app\settings.hpp">
      <Filter>Header Files</Filter>
    </ClInclude>
    <ClInclude Include="src\rupture\es\transform_works.hpp">
      <Filter>Header Files</Filter>
    </ClInclude>
    <ClInclude Include="src\rupture\es\sprite_works.hpp">
      <Filter>Header Files</Filter>
    </ClInclude>
    <ClInclude Include="src\rupture\draw\sprite.hpp">
      <Filter>Header Files</Filter>
    </ClInclude>
    <ClInclude Include="src\rupture\draw\sprite_vertex.hpp">
      <Filter>Header Files</Filter>
    </ClInclude>
    <ClInclude Include="src\rupture\draw\camera_uniform.hpp">
      <Filter>Header Files</Filter>
    </ClInclude>
    <ClInclude Include="src\rupture\es\composite_component.hpp">
      <Filter>Header Files</Filter>
    </ClInclude>
    <ClInclude Include="src\px\rl\traverse.hpp">
      <Filter>Header Files</Filter>
    </ClInclude>
    <ClInclude Include="src\px\rl\traverse_options.hpp">
      <Filter>Header Files</Filter>
    </ClInclude>
    <ClInclude Include="src\tests\case\rl\traverse_test.hpp">
      <Filter>Header Files</Filter>
    </ClInclude>
    <ClInclude Include="src\px\rl\mass.hpp">
      <Filter>Header Files</Filter>
    </ClInclude>
    <ClInclude Include="src\rupture\rl\terrain.hpp">
      <Filter>Header Files</Filter>
    </ClInclude>
    <ClInclude Include="src\rupture\rl\terrain_internal.hpp">
      <Filter>Header Files</Filter>
    </ClInclude>
    <ClInclude Include="src\px\common\matrix_static.hpp">
      <Filter>Header Files</Filter>
    </ClInclude>
    <ClInclude Include="src\px\common\matrix_dynamic.hpp">
      <Filter>Header Files</Filter>
    </ClInclude>
    <ClInclude Include="src\px\common\matrix_base.hpp">
      <Filter>Header Files</Filter>
    </ClInclude>
    <ClInclude Include="src\px\common\matrix.hpp">
      <Filter>Header Files</Filter>
    </ClInclude>
    <ClInclude Include="src\tests\case\link_test.hpp">
      <Filter>Header Files</Filter>
    </ClInclude>
    <ClInclude Include="src\tests\case\common\coordinate_test.hpp">
      <Filter>Header Files</Filter>
    </ClInclude>
    <ClInclude Include="src\tests\case\common\matrix_test.hpp">
      <Filter>Header Files</Filter>
    </ClInclude>
    <ClInclude Include="src\tests\case\common\pool_test.hpp">
      <Filter>Header Files</Filter>
    </ClInclude>
    <ClInclude Include="src\tests\case\common\qtree_test.hpp">
      <Filter>Header Files</Filter>
    </ClInclude>
    <ClInclude Include="src\rupture\rl\tile.hpp">
      <Filter>Header Files</Filter>
    </ClInclude>
    <ClInclude Include="src\tests\case\common\memory_test.hpp">
      <Filter>Header Files</Filter>
    </ClInclude>
    <ClInclude Include="src\rupture\core.hpp">
      <Filter>Header Files</Filter>
    </ClInclude>
    <ClInclude Include="src\rupture\rl\tile_prototype.hpp">
      <Filter>Header Files</Filter>
    </ClInclude>
    <ClInclude Include="src\px\common\color.hpp">
      <Filter>Header Files</Filter>
    </ClInclude>
    <ClInclude Include="src\px\fn\ant_generator.hpp">
      <Filter>Header Files</Filter>
    </ClInclude>
    <ClInclude Include="src\rupture\es\render_system.hpp">
      <Filter>Header Files</Filter>
    </ClInclude>
    <ClInclude Include="src\rupture\es\ui_system.hpp">
      <Filter>Header Files</Filter>
    </ClInclude>
    <ClInclude Include="src\px\es\light.hpp">
      <Filter>Header Files</Filter>
    </ClInclude>
    <ClInclude Include="src\rupture\es\light_component.hpp">
      <Filter>Header Files</Filter>
    </ClInclude>
    <ClInclude Include="src\rupture\es\builder.hpp">
      <Filter>Header Files</Filter>
    </ClInclude>
    <ClInclude Include="src\px\algorithm\recursive_shadowcasting.hpp">
      <Filter>Header Files</Filter>
    </ClInclude>
    <ClInclude Include="src\rupture\es\light_system.hpp">
      <Filter>Header Files</Filter>
    </ClInclude>
    <ClInclude Include="src\rupture\es\light_works.hpp">
      <Filter>Header Files</Filter>
    </ClInclude>
    <ClInclude Include="src\px\rgl\offscreen.hpp">
      <Filter>Header Files</Filter>
    </ClInclude>
    <ClInclude Include="src\px\rgl\pass.hpp">
      <Filter>Header Files</Filter>
    </ClInclude>
    <ClInclude Include="src\rupture\draw\lightmap_data.hpp">
      <Filter>Header Files</Filter>
    </ClInclude>
    <ClInclude Include="src\rupture\draw\lightmap_control.hpp">
      <Filter>Header Files</Filter>
    </ClInclude>
    <ClInclude Include="src\px\es\light_source.hpp">
      <Filter>Header Files</Filter>
    </ClInclude>
    <ClInclude Include="src\rupture\rl\scene.hpp">
      <Filter>Header Files</Filter>
    </ClInclude>
    <ClInclude Include="src\rupture\rl\scene_internal.hpp">
      <Filter>Header Files</Filter>
    </ClInclude>
    <ClInclude Include="src\rupture\draw\message.hpp">
      <Filter>Header Files</Filter>
    </ClInclude>
    <ClInclude Include="src\rupture\draw\popup.hpp">
      <Filter>Header Files</Filter>
    </ClInclude>
    <ClInclude Include="src\rupture\es\notification_system.hpp">
      <Filter>Header Files</Filter>
    </ClInclude>
    <ClInclude Include="src\rupture\draw\message_works.hpp">
      <Filter>Header Files</Filter>
    </ClInclude>
    <ClInclude Include="src\rupture\draw\message_data.hpp">
      <Filter>Header Files</Filter>
    </ClInclude>
    <ClInclude Include="src\rupture\draw\message_control.hpp">
      <Filter>Header Files</Filter>
    </ClInclude>
    <ClInclude Include="src\rupture\draw\glyph_vertex.hpp">
      <Filter>Header Files</Filter>
    </ClInclude>
    <ClInclude Include="src\px\common\string.hpp">
      <Filter>Header Files</Filter>
    </ClInclude>
    <ClInclude Include="src\rupture\draw\draw_batch.hpp">
      <Filter>Header Files</Filter>
    </ClInclude>
    <ClInclude Include="src\rupture\io\repository.hpp">
      <Filter>Header Files</Filter>
    </ClInclude>
    <ClInclude Include="src\px\rl\bar.hpp">
      <Filter>Header Files</Filter>
    </ClInclude>
    <ClInclude Include="src\px\rl\constitution.hpp">
      <Filter>Header Files</Filter>
    </ClInclude>
    <ClInclude Include="src\px\rl\entity.hpp">
      <Filter>Header Files</Filter>
    </ClInclude>
    <ClInclude Include="src\rupture\es\body_component.hpp">
      <Filter>Header Files</Filter>
    </ClInclude>
    <ClInclude Include="src\rupture\es\body_system.hpp">
      <Filter>Header Files</Filter>
    </ClInclude>
    <ClInclude Include="src\rupture\es\body_works.hpp">
      <Filter>Header Files</Filter>
    </ClInclude>
    <ClInclude Include="src\px\rl\standing.hpp">
      <Filter>Header Files</Filter>
    </ClInclude>
    <ClInclude Include="src\rupture\es\composition_element.hpp">
      <Filter>Header Files</Filter>
    </ClInclude>
    <ClInclude Include="src\rupture\ui\menu.hpp">
      <Filter>Header Files</Filter>
    </ClInclude>
    <ClInclude Include="src\rupture\ui\panel.hpp">
      <Filter>Header Files</Filter>
    </ClInclude>
    <ClInclude Include="src\rupture\ui\editor.hpp">
      <Filter>Header Files</Filter>
    </ClInclude>
    <ClInclude Include="src\rupture\ui\director_works.hpp">
      <Filter>Header Files</Filter>
    </ClInclude>
    <ClInclude Include="src\rupture\es\animator_component.hpp">
      <Filter>Header Files</Filter>
    </ClInclude>
    <ClInclude Include="src\px\es\useable.hpp">
      <Filter>Header Files</Filter>
    </ClInclude>
    <ClInclude Include="src\rupture\es\animator_system.hpp">
      <Filter>Header Files</Filter>
    </ClInclude>
    <ClInclude Include="src\rupture\es\animator_works.hpp">
      <Filter>Header Files</Filter>
    </ClInclude>
    <ClInclude Include="src\rupture\es\character_component.hpp">
      <Filter>Header Files</Filter>
    </ClInclude>
    <ClInclude Include="src\rupture\es\container_component.hpp">
      <Filter>Header Files</Filter>
    </ClInclude>
    <ClInclude Include="src\rupture\es\door_component.hpp">
      <Filter>Header Files</Filter>
    </ClInclude>
    <ClInclude Include="src\rupture\es\npc_component.hpp">
      <Filter>Header Files</Filter>
    </ClInclude>
    <ClInclude Include="src\rupture\es\player_component.hpp">
      <Filter>Header Files</Filter>
    </ClInclude>
    <ClInclude Include="src\rupture\es\storage_component.hpp">
      <Filter>Header Files</Filter>
    </ClInclude>
    <ClInclude Include="src\rupture\es\workshop_component.hpp">
      <Filter>Header Files</Filter>
    </ClInclude>
    <ClInclude Include="src\rupture\es\npc_system.hpp">
      <Filter>Header Files</Filter>
    </ClInclude>
    <ClInclude Include="src\rupture\es\npc_works.hpp">
      <Filter>Header Files</Filter>
    </ClInclude>
    <ClInclude Include="src\rupture\io\schema.hpp">
      <Filter>Header Files</Filter>
    </ClInclude>
    <ClInclude Include="src\rupture\io\serialization.hpp">
      <Filter>Header Files</Filter>
    </ClInclude>
    <ClInclude Include="src\rupture\io\blueprint.hpp">
      <Filter>Header Files</Filter>
    </ClInclude>
    <ClInclude Include="src\rupture\script\script.hpp">
      <Filter>Header Files</Filter>
    </ClInclude>
    <ClInclude Include="src\rupture\script\script_internal.hpp">
      <Filter>Header Files</Filter>
    </ClInclude>
    <ClInclude Include="src\px\rl\skill\skill_impact.hpp">
      <Filter>Header Files</Filter>
    </ClInclude>
    <ClInclude Include="src\px\rl\skill\skill_functional.hpp">
      <Filter>Header Files</Filter>
    </ClInclude>
    <ClInclude Include="src\px\rl\skill\skill_instance.hpp">
      <Filter>Header Files</Filter>
    </ClInclude>
    <ClInclude Include="src\rupture\app\bootstrap.hpp">
      <Filter>Header Files</Filter>
    </ClInclude>
    <ClInclude Include="src\rupture\es\character_system.hpp">
      <Filter>Header Files</Filter>
    </ClInclude>
    <ClInclude Include="src\rupture\es\character_works.hpp">
      <Filter>Header Files</Filter>
    </ClInclude>
    <ClInclude Include="src\px\rl\skill\skill_set.hpp">
      <Filter>Header Files</Filter>
    </ClInclude>
    <ClInclude Include="src\rupture\rl\skill.hpp">
      <Filter>Header Files</Filter>
    </ClInclude>
    <ClInclude Include="src\rupture\rl\skill_state.hpp">
      <Filter>Header Files</Filter>
    </ClInclude>
    <ClInclude Include="src\rupture\ui\inspector.hpp">
      <Filter>Header Files</Filter>
    </ClInclude>
    <ClInclude Include="src\rupture\ui\performance.hpp">
      <Filter>Header Files</Filter>
    </ClInclude>
    <ClInclude Include="src\rupture\ui\status.hpp">
      <Filter>Header Files</Filter>
    </ClInclude>
    <ClInclude Include="src\rupture\ui\skills.hpp">
      <Filter>Header Files</Filter>
    </ClInclude>
    <ClInclude Include="src\px\dev\assert.hpp">
      <Filter>Header Files</Filter>
    </ClInclude>
    <ClInclude Include="src\rupture\draw\keyframe.hpp">
      <Filter>Header Files</Filter>
    </ClInclude>
    <ClInclude Include="src\rupture\draw\animation.hpp">
      <Filter>Header Files</Filter>
    </ClInclude>
    <ClInclude Include="src\rupture\rl\status.hpp">
      <Filter>Header Files</Filter>
    </ClInclude>
    <ClInclude Include="src\rupture\rl\item.hpp">
      <Filter>Header Files</Filter>
    </ClInclude>
    <ClInclude Include="src\rupture\rl\inventory.hpp">
      <Filter>Header Files</Filter>
    </ClInclude>
    <ClInclude Include="src\rupture\ui\inventory.hpp">
      <Filter>Header Files</Filter>
    </ClInclude>
    <ClInclude Include="src\rupture\es\deposit_component.hpp">
      <Filter>Header Files</Filter>
    </ClInclude>
    <ClInclude Include="src\px\rl\ai_state.hpp">
      <Filter>Header Files</Filter>
    </ClInclude>
    <ClInclude Include="src\px\algorithm\fov.hpp">
      <Filter>Header Files</Filter>
    </ClInclude>
    <ClInclude Include="src\px\algorithm\a_star.hpp">
      <Filter>Header Files</Filter>
    </ClInclude>
    <ClInclude Include="src\rupture\script\script_environment.hpp">
      <Filter>Header Files</Filter>
    </ClInclude>
    <ClInclude Include="src\rupture\script\script_unit.hpp">
      <Filter>Header Files</Filter>
    </ClInclude>
    <ClInclude Include="src\px\rl\damage_type.hpp">
      <Filter>Header Files</Filter>
    </ClInclude>
    <ClInclude Include="src\px\rl\hit_result.hpp">
      <Filter>Header Files</Filter>
    </ClInclude>
    <ClInclude Include="src\px\rl\effect.hpp">
      <Filter>Header Files</Filter>
    </ClInclude>
    <ClInclude Include="src\px\rl\enhancement_collection.hpp">
      <Filter>Header Files</Filter>
    </ClInclude>
    <ClInclude Include="src\px\rl\enhancement.hpp">
      <Filter>Header Files</Filter>
    </ClInclude>
    <ClInclude Include="src\px\rl\stack.hpp">
      <Filter>Header Files</Filter>
    </ClInclude>
    <ClInclude Include="src\px\rl\equipment.hpp">
      <Filter>Header Files</Filter>
    </ClInclude>
    <ClInclude Include="src\px\rl\doll.hpp">
      <Filter>Header Files</Filter>
    </ClInclude>
    <ClInclude Include="src\px\rl\buff.hpp">
      <Filter>Header Files</Filter>
    </ClInclude>
  </ItemGroup>
  <ItemGroup>
    <ClCompile Include="src\rupture\main.cpp">
      <Filter>Source Files</Filter>
    </ClCompile>
    <ClCompile Include="src\tests\tests.cpp">
      <Filter>Source Files</Filter>
    </ClCompile>
    <ClCompile Include="src\rupture\es\transform_component.cpp">
      <Filter>Source Files</Filter>
    </ClCompile>
    <ClCompile Include="src\rupture\es\transform_system.cpp">
      <Filter>Source Files</Filter>
    </ClCompile>
    <ClCompile Include="src\rupture\es\sprite_system.cpp">
      <Filter>Source Files</Filter>
    </ClCompile>
    <ClCompile Include="src\rupture\main_extras.cpp">
      <Filter>Source Files</Filter>
    </ClCompile>
    <ClCompile Include="src\rupture\rl\terrain.cpp">
      <Filter>Source Files</Filter>
    </ClCompile>
    <ClCompile Include="src\rupture\core.cpp">
      <Filter>Source Files</Filter>
    </ClCompile>
    <ClCompile Include="src\rupture\shell.cpp">
      <Filter>Source Files</Filter>
    </ClCompile>
    <ClCompile Include="src\rupture\environment.cpp">
      <Filter>Source Files</Filter>
    </ClCompile>
    <ClCompile Include="src\rupture\es\render_system.cpp">
      <Filter>Source Files</Filter>
    </ClCompile>
    <ClCompile Include="src\rupture\es\ui_system.cpp">
      <Filter>Source Files</Filter>
    </ClCompile>
    <ClCompile Include="src\rupture\es\builder.cpp">
      <Filter>Source Files</Filter>
    </ClCompile>
    <ClCompile Include="src\rupture\es\light_system.cpp">
      <Filter>Source Files</Filter>
    </ClCompile>
    <ClCompile Include="src\rupture\rl\scene.cpp">
      <Filter>Source Files</Filter>
    </ClCompile>
    <ClCompile Include="src\rupture\es\notification_system.cpp">
      <Filter>Source Files</Filter>
    </ClCompile>
    <ClCompile Include="src\rupture\es\body_system.cpp">
      <Filter>Source Files</Filter>
    </ClCompile>
    <ClCompile Include="src\rupture\es\animator_system.cpp">
      <Filter>Source Files</Filter>
    </ClCompile>
    <ClCompile Include="src\rupture\es\body_component.cpp">
      <Filter>Source Files</Filter>
    </ClCompile>
    <ClCompile Include="src\rupture\es\npc_system.cpp">
      <Filter>Source Files</Filter>
    </ClCompile>
    <ClCompile Include="src\rupture\environment-io.cpp">
      <Filter>Source Files</Filter>
    </ClCompile>
    <ClCompile Include="src\rupture\script\script.cpp">
      <Filter>Source Files</Filter>
    </ClCompile>
    <ClCompile Include="src\rupture\es\character_system.cpp">
      <Filter>Source Files</Filter>
    </ClCompile>
    <ClCompile Include="src\rupture\es\animator_component.cpp">
      <Filter>Source Files</Filter>
    </ClCompile>
    <ClCompile Include="src\rupture\es\deposit_component.cpp">
      <Filter>Source Files</Filter>
    </ClCompile>
  </ItemGroup>
  <ItemGroup>
    <None Include="data\config.json" />
    <None Include="data\controls.json" />
    <None Include="data\shaders\sprite.frag" />
    <None Include="data\shaders\sprite.vert" />
    <None Include="data\textures.json" />
    <None Include="data\tiles.json" />
    <None Include="data\shaders\process.vert" />
    <None Include="data\shaders\process.frag" />
    <None Include="data\shaders\ui.vert" />
    <None Include="data\shaders\ui.frag" />
    <None Include="data\shaders\light.vert" />
    <None Include="data\shaders\light.frag" />
    <None Include="data\shaders\text.frag" />
    <None Include="data\shaders\text.vert" />
    <None Include="data\schemata\dummy.json" />
    <None Include="data\schemata\mobile.json" />
    <None Include="data\skills.json" />
    <None Include="data\animations.json" />
    <None Include="data\scripts\lib_rupture.lua" />
    <None Include="data\scripts\sk_v_melee.lua" />
    <None Include="data\scripts\sk_o_teleport.lua" />
  </ItemGroup>
</Project>